// !$*UTF8*$!
{
	archiveVersion = 1;
	classes = {
	};
	objectVersion = 46;
	objects = {

/* Begin PBXBuildFile section */
		A1075065499990CA089A1140 /* Pods_Black_Fu.framework in Frameworks */ = {isa = PBXBuildFile; fileRef = D72F60D08B1A0F193DB44BFB /* Pods_Black_Fu.framework */; };
		EC0990E11C52940D00576906 /* singletonObject.swift in Sources */ = {isa = PBXBuildFile; fileRef = EC0990E01C52940D00576906 /* singletonObject.swift */; };
		EC46E4661C2967FB00F80103 /* CoreDataManager.swift in Sources */ = {isa = PBXBuildFile; fileRef = EC46E4651C2967FA00F80103 /* CoreDataManager.swift */; };
		EC46E4681C296A0100F80103 /* CoreData.framework in Frameworks */ = {isa = PBXBuildFile; fileRef = EC46E4671C296A0100F80103 /* CoreData.framework */; };
		EC46E46A1C296AF700F80103 /* libsqlite3.tbd in Frameworks */ = {isa = PBXBuildFile; fileRef = EC46E4691C296AF700F80103 /* libsqlite3.tbd */; };
		EC46E4731C296CF600F80103 /* Product+CoreDataProperties.swift in Sources */ = {isa = PBXBuildFile; fileRef = EC46E46B1C296CF600F80103 /* Product+CoreDataProperties.swift */; };
		EC46E4741C296CF600F80103 /* Product.swift in Sources */ = {isa = PBXBuildFile; fileRef = EC46E46C1C296CF600F80103 /* Product.swift */; };
		EC46E4751C296CF600F80103 /* Brand+CoreDataProperties.swift in Sources */ = {isa = PBXBuildFile; fileRef = EC46E46D1C296CF600F80103 /* Brand+CoreDataProperties.swift */; };
		EC46E4761C296CF600F80103 /* Brand.swift in Sources */ = {isa = PBXBuildFile; fileRef = EC46E46E1C296CF600F80103 /* Brand.swift */; };
		EC46E4771C296CF600F80103 /* BarCode+CoreDataProperties.swift in Sources */ = {isa = PBXBuildFile; fileRef = EC46E46F1C296CF600F80103 /* BarCode+CoreDataProperties.swift */; };
		EC46E4781C296CF600F80103 /* BarCode.swift in Sources */ = {isa = PBXBuildFile; fileRef = EC46E4701C296CF600F80103 /* BarCode.swift */; };
		EC46E4791C296CF600F80103 /* Company+CoreDataProperties.swift in Sources */ = {isa = PBXBuildFile; fileRef = EC46E4711C296CF600F80103 /* Company+CoreDataProperties.swift */; };
		EC46E47A1C296CF600F80103 /* Company.swift in Sources */ = {isa = PBXBuildFile; fileRef = EC46E4721C296CF600F80103 /* Company.swift */; };
		EC46E47E1C2974EC00F80103 /* ProductDetailViewController.swift in Sources */ = {isa = PBXBuildFile; fileRef = EC46E47D1C2974EC00F80103 /* ProductDetailViewController.swift */; };
		EC46E4801C297C3700F80103 /* IMG_3253.JPG in Resources */ = {isa = PBXBuildFile; fileRef = EC46E47F1C297C3700F80103 /* IMG_3253.JPG */; };
		EC6743171C4A7C3100F0D992 /* Products.json in Resources */ = {isa = PBXBuildFile; fileRef = EC6743161C4A715F00F0D992 /* Products.json */; };
		EC67431B1C4A9F5100F0D992 /* blood.png in Resources */ = {isa = PBXBuildFile; fileRef = EC67431A1C4A9F5100F0D992 /* blood.png */; };
		EC67431D1C4B666400F0D992 /* danger.png in Resources */ = {isa = PBXBuildFile; fileRef = EC67431C1C4B666400F0D992 /* danger.png */; };
		EC6743231C4B66A800F0D992 /* 01.png in Resources */ = {isa = PBXBuildFile; fileRef = EC67431E1C4B66A800F0D992 /* 01.png */; };
		EC6743241C4B66A800F0D992 /* 02.png in Resources */ = {isa = PBXBuildFile; fileRef = EC67431F1C4B66A800F0D992 /* 02.png */; };
		EC6743251C4B66A800F0D992 /* 03.png in Resources */ = {isa = PBXBuildFile; fileRef = EC6743201C4B66A800F0D992 /* 03.png */; };
		EC6743261C4B66A800F0D992 /* 04.png in Resources */ = {isa = PBXBuildFile; fileRef = EC6743211C4B66A800F0D992 /* 04.png */; };
		EC6743271C4B66A800F0D992 /* 05.png in Resources */ = {isa = PBXBuildFile; fileRef = EC6743221C4B66A800F0D992 /* 05.png */; };
		EC856F951C3F5A7B00CEE69C /* NewsWebViewController.swift in Sources */ = {isa = PBXBuildFile; fileRef = EC856F941C3F5A7B00CEE69C /* NewsWebViewController.swift */; };
		EC9F37981C0C024C003A4451 /* AppDelegate.swift in Sources */ = {isa = PBXBuildFile; fileRef = EC9F37971C0C024C003A4451 /* AppDelegate.swift */; };
		EC9F379A1C0C024C003A4451 /* ViewController.swift in Sources */ = {isa = PBXBuildFile; fileRef = EC9F37991C0C024C003A4451 /* ViewController.swift */; };
		EC9F379D1C0C024C003A4451 /* Main.storyboard in Resources */ = {isa = PBXBuildFile; fileRef = EC9F379B1C0C024C003A4451 /* Main.storyboard */; };
		EC9F37A01C0C024C003A4451 /* Black_Fu.xcdatamodeld in Sources */ = {isa = PBXBuildFile; fileRef = EC9F379E1C0C024C003A4451 /* Black_Fu.xcdatamodeld */; };
		EC9F37A21C0C024C003A4451 /* Assets.xcassets in Resources */ = {isa = PBXBuildFile; fileRef = EC9F37A11C0C024C003A4451 /* Assets.xcassets */; };
		EC9F37A51C0C024C003A4451 /* LaunchScreen.storyboard in Resources */ = {isa = PBXBuildFile; fileRef = EC9F37A31C0C024C003A4451 /* LaunchScreen.storyboard */; };
		EC9F37B01C0C024C003A4451 /* Black_FuTests.swift in Sources */ = {isa = PBXBuildFile; fileRef = EC9F37AF1C0C024C003A4451 /* Black_FuTests.swift */; };
		EC9F37BB1C0C024C003A4451 /* Black_FuUITests.swift in Sources */ = {isa = PBXBuildFile; fileRef = EC9F37BA1C0C024C003A4451 /* Black_FuUITests.swift */; };
		ECC65F8B1C0E874C003031CE /* ScanViewController.swift in Sources */ = {isa = PBXBuildFile; fileRef = ECC65F8A1C0E874C003031CE /* ScanViewController.swift */; };
		ECC945641C329D4100EE166D /* NewListViewController.swift in Sources */ = {isa = PBXBuildFile; fileRef = ECC945631C329D4100EE166D /* NewListViewController.swift */; };
		ECD7915A1C0DB5B900E91677 /* NotificationCenter.framework in Frameworks */ = {isa = PBXBuildFile; fileRef = ECD791591C0DB5B900E91677 /* NotificationCenter.framework */; };
		ECD7915D1C0DB5B900E91677 /* TodayViewController.swift in Sources */ = {isa = PBXBuildFile; fileRef = ECD7915C1C0DB5B900E91677 /* TodayViewController.swift */; };
		ECD791601C0DB5B900E91677 /* MainInterface.storyboard in Resources */ = {isa = PBXBuildFile; fileRef = ECD7915E1C0DB5B900E91677 /* MainInterface.storyboard */; };
		ECD791641C0DB5B900E91677 /* Fast-Search.appex in Embed App Extensions */ = {isa = PBXBuildFile; fileRef = ECD791571C0DB5B900E91677 /* Fast-Search.appex */; settings = {ATTRIBUTES = (RemoveHeadersOnCopy, ); }; };
/* End PBXBuildFile section */

/* Begin PBXContainerItemProxy section */
		EC9F37AC1C0C024C003A4451 /* PBXContainerItemProxy */ = {
			isa = PBXContainerItemProxy;
			containerPortal = EC9F378C1C0C024C003A4451 /* Project object */;
			proxyType = 1;
			remoteGlobalIDString = EC9F37931C0C024C003A4451;
			remoteInfo = "Black-Fu";
		};
		EC9F37B71C0C024C003A4451 /* PBXContainerItemProxy */ = {
			isa = PBXContainerItemProxy;
			containerPortal = EC9F378C1C0C024C003A4451 /* Project object */;
			proxyType = 1;
			remoteGlobalIDString = EC9F37931C0C024C003A4451;
			remoteInfo = "Black-Fu";
		};
		ECD791621C0DB5B900E91677 /* PBXContainerItemProxy */ = {
			isa = PBXContainerItemProxy;
			containerPortal = EC9F378C1C0C024C003A4451 /* Project object */;
			proxyType = 1;
			remoteGlobalIDString = ECD791561C0DB5B900E91677;
			remoteInfo = "Fast-Search";
		};
/* End PBXContainerItemProxy section */

/* Begin PBXCopyFilesBuildPhase section */
		ECD791681C0DB5BA00E91677 /* Embed App Extensions */ = {
			isa = PBXCopyFilesBuildPhase;
			buildActionMask = 2147483647;
			dstPath = "";
			dstSubfolderSpec = 13;
			files = (
				ECD791641C0DB5B900E91677 /* Fast-Search.appex in Embed App Extensions */,
			);
			name = "Embed App Extensions";
			runOnlyForDeploymentPostprocessing = 0;
		};
/* End PBXCopyFilesBuildPhase section */

/* Begin PBXFileReference section */
		2BD1CD98B096C79BB1C6057B /* Pods-Black-Fu.debug.xcconfig */ = {isa = PBXFileReference; includeInIndex = 1; lastKnownFileType = text.xcconfig; name = "Pods-Black-Fu.debug.xcconfig"; path = "Pods/Target Support Files/Pods-Black-Fu/Pods-Black-Fu.debug.xcconfig"; sourceTree = "<group>"; };
		A3E778DFC6189FD72DFC96EB /* Pods-Black-Fu.release.xcconfig */ = {isa = PBXFileReference; includeInIndex = 1; lastKnownFileType = text.xcconfig; name = "Pods-Black-Fu.release.xcconfig"; path = "Pods/Target Support Files/Pods-Black-Fu/Pods-Black-Fu.release.xcconfig"; sourceTree = "<group>"; };
		D72F60D08B1A0F193DB44BFB /* Pods_Black_Fu.framework */ = {isa = PBXFileReference; explicitFileType = wrapper.framework; includeInIndex = 0; path = Pods_Black_Fu.framework; sourceTree = BUILT_PRODUCTS_DIR; };
		EC0990E01C52940D00576906 /* singletonObject.swift */ = {isa = PBXFileReference; fileEncoding = 4; lastKnownFileType = sourcecode.swift; path = singletonObject.swift; sourceTree = "<group>"; };
		EC46E4651C2967FA00F80103 /* CoreDataManager.swift */ = {isa = PBXFileReference; fileEncoding = 4; lastKnownFileType = sourcecode.swift; name = CoreDataManager.swift; path = "Black-Fu/CoreDataManager.swift"; sourceTree = "<group>"; };
		EC46E4671C296A0100F80103 /* CoreData.framework */ = {isa = PBXFileReference; lastKnownFileType = wrapper.framework; name = CoreData.framework; path = System/Library/Frameworks/CoreData.framework; sourceTree = SDKROOT; };
		EC46E4691C296AF700F80103 /* libsqlite3.tbd */ = {isa = PBXFileReference; lastKnownFileType = "sourcecode.text-based-dylib-definition"; name = libsqlite3.tbd; path = usr/lib/libsqlite3.tbd; sourceTree = SDKROOT; };
		EC46E46B1C296CF600F80103 /* Product+CoreDataProperties.swift */ = {isa = PBXFileReference; fileEncoding = 4; lastKnownFileType = sourcecode.swift; name = "Product+CoreDataProperties.swift"; path = "ManagedObjct/Product+CoreDataProperties.swift"; sourceTree = "<group>"; };
		EC46E46C1C296CF600F80103 /* Product.swift */ = {isa = PBXFileReference; fileEncoding = 4; lastKnownFileType = sourcecode.swift; name = Product.swift; path = ManagedObjct/Product.swift; sourceTree = "<group>"; };
		EC46E46D1C296CF600F80103 /* Brand+CoreDataProperties.swift */ = {isa = PBXFileReference; fileEncoding = 4; lastKnownFileType = sourcecode.swift; name = "Brand+CoreDataProperties.swift"; path = "ManagedObjct/Brand+CoreDataProperties.swift"; sourceTree = "<group>"; };
		EC46E46E1C296CF600F80103 /* Brand.swift */ = {isa = PBXFileReference; fileEncoding = 4; lastKnownFileType = sourcecode.swift; name = Brand.swift; path = ManagedObjct/Brand.swift; sourceTree = "<group>"; };
		EC46E46F1C296CF600F80103 /* BarCode+CoreDataProperties.swift */ = {isa = PBXFileReference; fileEncoding = 4; lastKnownFileType = sourcecode.swift; name = "BarCode+CoreDataProperties.swift"; path = "ManagedObjct/BarCode+CoreDataProperties.swift"; sourceTree = "<group>"; };
		EC46E4701C296CF600F80103 /* BarCode.swift */ = {isa = PBXFileReference; fileEncoding = 4; lastKnownFileType = sourcecode.swift; name = BarCode.swift; path = ManagedObjct/BarCode.swift; sourceTree = "<group>"; };
		EC46E4711C296CF600F80103 /* Company+CoreDataProperties.swift */ = {isa = PBXFileReference; fileEncoding = 4; lastKnownFileType = sourcecode.swift; name = "Company+CoreDataProperties.swift"; path = "ManagedObjct/Company+CoreDataProperties.swift"; sourceTree = "<group>"; };
		EC46E4721C296CF600F80103 /* Company.swift */ = {isa = PBXFileReference; fileEncoding = 4; lastKnownFileType = sourcecode.swift; name = Company.swift; path = ManagedObjct/Company.swift; sourceTree = "<group>"; };
		EC46E47D1C2974EC00F80103 /* ProductDetailViewController.swift */ = {isa = PBXFileReference; fileEncoding = 4; lastKnownFileType = sourcecode.swift; path = ProductDetailViewController.swift; sourceTree = "<group>"; };
		EC46E47F1C297C3700F80103 /* IMG_3253.JPG */ = {isa = PBXFileReference; lastKnownFileType = image.jpeg; name = IMG_3253.JPG; path = ../../../../Downloads/IMG_3253.JPG; sourceTree = "<group>"; };
		EC6743161C4A715F00F0D992 /* Products.json */ = {isa = PBXFileReference; lastKnownFileType = text.json; path = Products.json; sourceTree = "<group>"; };
		EC67431A1C4A9F5100F0D992 /* blood.png */ = {isa = PBXFileReference; lastKnownFileType = image.png; path = blood.png; sourceTree = "<group>"; };
		EC67431C1C4B666400F0D992 /* danger.png */ = {isa = PBXFileReference; lastKnownFileType = image.png; path = danger.png; sourceTree = "<group>"; };
		EC67431E1C4B66A800F0D992 /* 01.png */ = {isa = PBXFileReference; lastKnownFileType = image.png; path = 01.png; sourceTree = "<group>"; };
		EC67431F1C4B66A800F0D992 /* 02.png */ = {isa = PBXFileReference; lastKnownFileType = image.png; path = 02.png; sourceTree = "<group>"; };
		EC6743201C4B66A800F0D992 /* 03.png */ = {isa = PBXFileReference; lastKnownFileType = image.png; path = 03.png; sourceTree = "<group>"; };
		EC6743211C4B66A800F0D992 /* 04.png */ = {isa = PBXFileReference; lastKnownFileType = image.png; path = 04.png; sourceTree = "<group>"; };
		EC6743221C4B66A800F0D992 /* 05.png */ = {isa = PBXFileReference; lastKnownFileType = image.png; path = 05.png; sourceTree = "<group>"; };
		EC856F941C3F5A7B00CEE69C /* NewsWebViewController.swift */ = {isa = PBXFileReference; fileEncoding = 4; lastKnownFileType = sourcecode.swift; path = NewsWebViewController.swift; sourceTree = "<group>"; };
		EC9F37941C0C024C003A4451 /* 黑心富.app */ = {isa = PBXFileReference; explicitFileType = wrapper.application; includeInIndex = 0; path = "黑心富.app"; sourceTree = BUILT_PRODUCTS_DIR; };
		EC9F37971C0C024C003A4451 /* AppDelegate.swift */ = {isa = PBXFileReference; lastKnownFileType = sourcecode.swift; path = AppDelegate.swift; sourceTree = "<group>"; };
		EC9F37991C0C024C003A4451 /* ViewController.swift */ = {isa = PBXFileReference; lastKnownFileType = sourcecode.swift; path = ViewController.swift; sourceTree = "<group>"; };
		EC9F379C1C0C024C003A4451 /* Base */ = {isa = PBXFileReference; lastKnownFileType = file.storyboard; name = Base; path = Base.lproj/Main.storyboard; sourceTree = "<group>"; };
		EC9F379F1C0C024C003A4451 /* Black_Fu.xcdatamodel */ = {isa = PBXFileReference; lastKnownFileType = wrapper.xcdatamodel; path = Black_Fu.xcdatamodel; sourceTree = "<group>"; };
		EC9F37A11C0C024C003A4451 /* Assets.xcassets */ = {isa = PBXFileReference; lastKnownFileType = folder.assetcatalog; path = Assets.xcassets; sourceTree = "<group>"; };
		EC9F37A41C0C024C003A4451 /* Base */ = {isa = PBXFileReference; lastKnownFileType = file.storyboard; name = Base; path = Base.lproj/LaunchScreen.storyboard; sourceTree = "<group>"; };
		EC9F37A61C0C024C003A4451 /* Info.plist */ = {isa = PBXFileReference; lastKnownFileType = text.plist.xml; path = Info.plist; sourceTree = "<group>"; };
		EC9F37AB1C0C024C003A4451 /* Black-FuTests.xctest */ = {isa = PBXFileReference; explicitFileType = wrapper.cfbundle; includeInIndex = 0; path = "Black-FuTests.xctest"; sourceTree = BUILT_PRODUCTS_DIR; };
		EC9F37AF1C0C024C003A4451 /* Black_FuTests.swift */ = {isa = PBXFileReference; lastKnownFileType = sourcecode.swift; path = Black_FuTests.swift; sourceTree = "<group>"; };
		EC9F37B11C0C024C003A4451 /* Info.plist */ = {isa = PBXFileReference; lastKnownFileType = text.plist.xml; path = Info.plist; sourceTree = "<group>"; };
		EC9F37B61C0C024C003A4451 /* Black-FuUITests.xctest */ = {isa = PBXFileReference; explicitFileType = wrapper.cfbundle; includeInIndex = 0; path = "Black-FuUITests.xctest"; sourceTree = BUILT_PRODUCTS_DIR; };
		EC9F37BA1C0C024C003A4451 /* Black_FuUITests.swift */ = {isa = PBXFileReference; lastKnownFileType = sourcecode.swift; path = Black_FuUITests.swift; sourceTree = "<group>"; };
		EC9F37BC1C0C024C003A4451 /* Info.plist */ = {isa = PBXFileReference; lastKnownFileType = text.plist.xml; path = Info.plist; sourceTree = "<group>"; };
		ECC65F8A1C0E874C003031CE /* ScanViewController.swift */ = {isa = PBXFileReference; fileEncoding = 4; lastKnownFileType = sourcecode.swift; path = ScanViewController.swift; sourceTree = "<group>"; };
		ECC945631C329D4100EE166D /* NewListViewController.swift */ = {isa = PBXFileReference; fileEncoding = 4; lastKnownFileType = sourcecode.swift; path = NewListViewController.swift; sourceTree = "<group>"; };
		ECD791571C0DB5B900E91677 /* Fast-Search.appex */ = {isa = PBXFileReference; explicitFileType = "wrapper.app-extension"; includeInIndex = 0; path = "Fast-Search.appex"; sourceTree = BUILT_PRODUCTS_DIR; };
		ECD791591C0DB5B900E91677 /* NotificationCenter.framework */ = {isa = PBXFileReference; lastKnownFileType = wrapper.framework; name = NotificationCenter.framework; path = System/Library/Frameworks/NotificationCenter.framework; sourceTree = SDKROOT; };
		ECD7915C1C0DB5B900E91677 /* TodayViewController.swift */ = {isa = PBXFileReference; lastKnownFileType = sourcecode.swift; path = TodayViewController.swift; sourceTree = "<group>"; };
		ECD7915F1C0DB5B900E91677 /* Base */ = {isa = PBXFileReference; lastKnownFileType = file.storyboard; name = Base; path = Base.lproj/MainInterface.storyboard; sourceTree = "<group>"; };
		ECD791611C0DB5B900E91677 /* Info.plist */ = {isa = PBXFileReference; lastKnownFileType = text.plist.xml; path = Info.plist; sourceTree = "<group>"; };
/* End PBXFileReference section */

/* Begin PBXFrameworksBuildPhase section */
		EC9F37911C0C024C003A4451 /* Frameworks */ = {
			isa = PBXFrameworksBuildPhase;
			buildActionMask = 2147483647;
			files = (
				EC46E46A1C296AF700F80103 /* libsqlite3.tbd in Frameworks */,
				EC46E4681C296A0100F80103 /* CoreData.framework in Frameworks */,
				A1075065499990CA089A1140 /* Pods_Black_Fu.framework in Frameworks */,
			);
			runOnlyForDeploymentPostprocessing = 0;
		};
		EC9F37A81C0C024C003A4451 /* Frameworks */ = {
			isa = PBXFrameworksBuildPhase;
			buildActionMask = 2147483647;
			files = (
			);
			runOnlyForDeploymentPostprocessing = 0;
		};
		EC9F37B31C0C024C003A4451 /* Frameworks */ = {
			isa = PBXFrameworksBuildPhase;
			buildActionMask = 2147483647;
			files = (
			);
			runOnlyForDeploymentPostprocessing = 0;
		};
		ECD791541C0DB5B900E91677 /* Frameworks */ = {
			isa = PBXFrameworksBuildPhase;
			buildActionMask = 2147483647;
			files = (
				ECD7915A1C0DB5B900E91677 /* NotificationCenter.framework in Frameworks */,
			);
			runOnlyForDeploymentPostprocessing = 0;
		};
/* End PBXFrameworksBuildPhase section */

/* Begin PBXGroup section */
		10B78B7D2D453EE7FE6A8F5D /* Pods */ = {
			isa = PBXGroup;
			children = (
				2BD1CD98B096C79BB1C6057B /* Pods-Black-Fu.debug.xcconfig */,
				A3E778DFC6189FD72DFC96EB /* Pods-Black-Fu.release.xcconfig */,
			);
			name = Pods;
			sourceTree = "<group>";
		};
		EC46E47B1C296CFE00F80103 /* ManagerObject */ = {
			isa = PBXGroup;
			children = (
				EC46E46B1C296CF600F80103 /* Product+CoreDataProperties.swift */,
				EC46E46C1C296CF600F80103 /* Product.swift */,
				EC46E46D1C296CF600F80103 /* Brand+CoreDataProperties.swift */,
				EC46E46E1C296CF600F80103 /* Brand.swift */,
				EC46E46F1C296CF600F80103 /* BarCode+CoreDataProperties.swift */,
				EC46E4701C296CF600F80103 /* BarCode.swift */,
				EC46E4711C296CF600F80103 /* Company+CoreDataProperties.swift */,
				EC46E4721C296CF600F80103 /* Company.swift */,
			);
			name = ManagerObject;
			sourceTree = "<group>";
		};
		EC46E47C1C296D2E00F80103 /* CoreData */ = {
			isa = PBXGroup;
			children = (
				EC46E47B1C296CFE00F80103 /* ManagerObject */,
				EC46E4651C2967FA00F80103 /* CoreDataManager.swift */,
				EC9F379E1C0C024C003A4451 /* Black_Fu.xcdatamodeld */,
			);
			name = CoreData;
			sourceTree = "<group>";
		};
		EC6743181C4A8EF200F0D992 /* Scan */ = {
			isa = PBXGroup;
			children = (
				ECC65F8A1C0E874C003031CE /* ScanViewController.swift */,
			);
			name = Scan;
			sourceTree = "<group>";
		};
		EC6743191C4A8F0800F0D992 /* Product */ = {
			isa = PBXGroup;
			children = (
				EC9F37991C0C024C003A4451 /* ViewController.swift */,
				EC46E47D1C2974EC00F80103 /* ProductDetailViewController.swift */,
			);
			name = Product;
			sourceTree = "<group>";
		};
		EC9F378B1C0C024C003A4451 = {
			isa = PBXGroup;
			children = (
				EC46E47C1C296D2E00F80103 /* CoreData */,
				EC9F37961C0C024C003A4451 /* Black-Fu */,
				EC9F37AE1C0C024C003A4451 /* Black-FuTests */,
				EC9F37B91C0C024C003A4451 /* Black-FuUITests */,
				ECD7915B1C0DB5B900E91677 /* Fast-Search */,
				ECD791581C0DB5B900E91677 /* Frameworks */,
				EC9F37951C0C024C003A4451 /* Products */,
				10B78B7D2D453EE7FE6A8F5D /* Pods */,
			);
			sourceTree = "<group>";
		};
		EC9F37951C0C024C003A4451 /* Products */ = {
			isa = PBXGroup;
			children = (
				EC9F37941C0C024C003A4451 /* 黑心富.app */,
				EC9F37AB1C0C024C003A4451 /* Black-FuTests.xctest */,
				EC9F37B61C0C024C003A4451 /* Black-FuUITests.xctest */,
				ECD791571C0DB5B900E91677 /* Fast-Search.appex */,
			);
			name = Products;
			sourceTree = "<group>";
		};
		EC9F37961C0C024C003A4451 /* Black-Fu */ = {
			isa = PBXGroup;
			children = (
				EC6743191C4A8F0800F0D992 /* Product */,
				EC6743181C4A8EF200F0D992 /* Scan */,
				ECAA4F101C41734B00C05881 /* News */,
				EC9F37971C0C024C003A4451 /* AppDelegate.swift */,
				EC9F37A11C0C024C003A4451 /* Assets.xcassets */,
				EC9F379B1C0C024C003A4451 /* Main.storyboard */,
				EC9F37A31C0C024C003A4451 /* LaunchScreen.storyboard */,
				EC9F37A61C0C024C003A4451 /* Info.plist */,
				EC46E47F1C297C3700F80103 /* IMG_3253.JPG */,
				EC67431A1C4A9F5100F0D992 /* blood.png */,
				EC67431C1C4B666400F0D992 /* danger.png */,
				EC67431E1C4B66A800F0D992 /* 01.png */,
				EC67431F1C4B66A800F0D992 /* 02.png */,
				EC6743201C4B66A800F0D992 /* 03.png */,
				EC6743211C4B66A800F0D992 /* 04.png */,
				EC6743221C4B66A800F0D992 /* 05.png */,
				EC6743161C4A715F00F0D992 /* Products.json */,
				EC0990E01C52940D00576906 /* singletonObject.swift */,
			);
			path = "Black-Fu";
			sourceTree = "<group>";
		};
		EC9F37AE1C0C024C003A4451 /* Black-FuTests */ = {
			isa = PBXGroup;
			children = (
				EC9F37AF1C0C024C003A4451 /* Black_FuTests.swift */,
				EC9F37B11C0C024C003A4451 /* Info.plist */,
			);
			path = "Black-FuTests";
			sourceTree = "<group>";
		};
		EC9F37B91C0C024C003A4451 /* Black-FuUITests */ = {
			isa = PBXGroup;
			children = (
				EC9F37BA1C0C024C003A4451 /* Black_FuUITests.swift */,
				EC9F37BC1C0C024C003A4451 /* Info.plist */,
			);
			path = "Black-FuUITests";
			sourceTree = "<group>";
		};
		ECAA4F101C41734B00C05881 /* News */ = {
			isa = PBXGroup;
			children = (
				ECC945631C329D4100EE166D /* NewListViewController.swift */,
				EC856F941C3F5A7B00CEE69C /* NewsWebViewController.swift */,
			);
			name = News;
			sourceTree = "<group>";
		};
		ECD791581C0DB5B900E91677 /* Frameworks */ = {
			isa = PBXGroup;
			children = (
				EC46E4691C296AF700F80103 /* libsqlite3.tbd */,
				EC46E4671C296A0100F80103 /* CoreData.framework */,
				ECD791591C0DB5B900E91677 /* NotificationCenter.framework */,
				D72F60D08B1A0F193DB44BFB /* Pods_Black_Fu.framework */,
			);
			name = Frameworks;
			sourceTree = "<group>";
		};
		ECD7915B1C0DB5B900E91677 /* Fast-Search */ = {
			isa = PBXGroup;
			children = (
				ECD7915C1C0DB5B900E91677 /* TodayViewController.swift */,
				ECD7915E1C0DB5B900E91677 /* MainInterface.storyboard */,
				ECD791611C0DB5B900E91677 /* Info.plist */,
			);
			path = "Fast-Search";
			sourceTree = "<group>";
		};
/* End PBXGroup section */

/* Begin PBXNativeTarget section */
		EC9F37931C0C024C003A4451 /* Black-Fu */ = {
			isa = PBXNativeTarget;
			buildConfigurationList = EC9F37BF1C0C024C003A4451 /* Build configuration list for PBXNativeTarget "Black-Fu" */;
			buildPhases = (
				855BF3B9098156CDECE1C834 /* Check Pods Manifest.lock */,
				EC9F37901C0C024C003A4451 /* Sources */,
				EC9F37911C0C024C003A4451 /* Frameworks */,
				EC9F37921C0C024C003A4451 /* Resources */,
				ECD791681C0DB5BA00E91677 /* Embed App Extensions */,
				ED3D0505D62023036BB4CA8B /* Embed Pods Frameworks */,
				127C35C8FA0DE212D65D1F28 /* Copy Pods Resources */,
			);
			buildRules = (
			);
			dependencies = (
				ECD791631C0DB5B900E91677 /* PBXTargetDependency */,
			);
			name = "Black-Fu";
			productName = "Black-Fu";
			productReference = EC9F37941C0C024C003A4451 /* 黑心富.app */;
			productType = "com.apple.product-type.application";
		};
		EC9F37AA1C0C024C003A4451 /* Black-FuTests */ = {
			isa = PBXNativeTarget;
			buildConfigurationList = EC9F37C21C0C024C003A4451 /* Build configuration list for PBXNativeTarget "Black-FuTests" */;
			buildPhases = (
				EC9F37A71C0C024C003A4451 /* Sources */,
				EC9F37A81C0C024C003A4451 /* Frameworks */,
				EC9F37A91C0C024C003A4451 /* Resources */,
			);
			buildRules = (
			);
			dependencies = (
				EC9F37AD1C0C024C003A4451 /* PBXTargetDependency */,
			);
			name = "Black-FuTests";
			productName = "Black-FuTests";
			productReference = EC9F37AB1C0C024C003A4451 /* Black-FuTests.xctest */;
			productType = "com.apple.product-type.bundle.unit-test";
		};
		EC9F37B51C0C024C003A4451 /* Black-FuUITests */ = {
			isa = PBXNativeTarget;
			buildConfigurationList = EC9F37C51C0C024C003A4451 /* Build configuration list for PBXNativeTarget "Black-FuUITests" */;
			buildPhases = (
				EC9F37B21C0C024C003A4451 /* Sources */,
				EC9F37B31C0C024C003A4451 /* Frameworks */,
				EC9F37B41C0C024C003A4451 /* Resources */,
			);
			buildRules = (
			);
			dependencies = (
				EC9F37B81C0C024C003A4451 /* PBXTargetDependency */,
			);
			name = "Black-FuUITests";
			productName = "Black-FuUITests";
			productReference = EC9F37B61C0C024C003A4451 /* Black-FuUITests.xctest */;
			productType = "com.apple.product-type.bundle.ui-testing";
		};
		ECD791561C0DB5B900E91677 /* Fast-Search */ = {
			isa = PBXNativeTarget;
			buildConfigurationList = ECD791671C0DB5BA00E91677 /* Build configuration list for PBXNativeTarget "Fast-Search" */;
			buildPhases = (
				ECD791531C0DB5B900E91677 /* Sources */,
				ECD791541C0DB5B900E91677 /* Frameworks */,
				ECD791551C0DB5B900E91677 /* Resources */,
			);
			buildRules = (
			);
			dependencies = (
			);
			name = "Fast-Search";
			productName = "Fast-Search";
			productReference = ECD791571C0DB5B900E91677 /* Fast-Search.appex */;
			productType = "com.apple.product-type.app-extension";
		};
/* End PBXNativeTarget section */

/* Begin PBXProject section */
		EC9F378C1C0C024C003A4451 /* Project object */ = {
			isa = PBXProject;
			attributes = {
				LastSwiftUpdateCheck = 0710;
				LastUpgradeCheck = 0710;
				ORGANIZATIONNAME = TWML;
				TargetAttributes = {
					EC9F37931C0C024C003A4451 = {
						CreatedOnToolsVersion = 7.1.1;
						DevelopmentTeam = HU5PMM7Z88;
					};
					EC9F37AA1C0C024C003A4451 = {
						CreatedOnToolsVersion = 7.1.1;
						TestTargetID = EC9F37931C0C024C003A4451;
					};
					EC9F37B51C0C024C003A4451 = {
						CreatedOnToolsVersion = 7.1.1;
						TestTargetID = EC9F37931C0C024C003A4451;
					};
					ECD791561C0DB5B900E91677 = {
						CreatedOnToolsVersion = 7.1.1;
						DevelopmentTeam = HU5PMM7Z88;
					};
				};
			};
			buildConfigurationList = EC9F378F1C0C024C003A4451 /* Build configuration list for PBXProject "Black-Fu" */;
			compatibilityVersion = "Xcode 3.2";
			developmentRegion = English;
			hasScannedForEncodings = 0;
			knownRegions = (
				en,
				Base,
			);
			mainGroup = EC9F378B1C0C024C003A4451;
			productRefGroup = EC9F37951C0C024C003A4451 /* Products */;
			projectDirPath = "";
			projectRoot = "";
			targets = (
				EC9F37931C0C024C003A4451 /* Black-Fu */,
				EC9F37AA1C0C024C003A4451 /* Black-FuTests */,
				EC9F37B51C0C024C003A4451 /* Black-FuUITests */,
				ECD791561C0DB5B900E91677 /* Fast-Search */,
			);
		};
/* End PBXProject section */

/* Begin PBXResourcesBuildPhase section */
		EC9F37921C0C024C003A4451 /* Resources */ = {
			isa = PBXResourcesBuildPhase;
			buildActionMask = 2147483647;
			files = (
				EC6743251C4B66A800F0D992 /* 03.png in Resources */,
				EC6743171C4A7C3100F0D992 /* Products.json in Resources */,
				EC6743271C4B66A800F0D992 /* 05.png in Resources */,
				EC46E4801C297C3700F80103 /* IMG_3253.JPG in Resources */,
				EC6743261C4B66A800F0D992 /* 04.png in Resources */,
				EC6743231C4B66A800F0D992 /* 01.png in Resources */,
				EC67431B1C4A9F5100F0D992 /* blood.png in Resources */,
				EC9F37A51C0C024C003A4451 /* LaunchScreen.storyboard in Resources */,
				EC67431D1C4B666400F0D992 /* danger.png in Resources */,
				EC9F37A21C0C024C003A4451 /* Assets.xcassets in Resources */,
				EC9F379D1C0C024C003A4451 /* Main.storyboard in Resources */,
				EC6743241C4B66A800F0D992 /* 02.png in Resources */,
			);
			runOnlyForDeploymentPostprocessing = 0;
		};
		EC9F37A91C0C024C003A4451 /* Resources */ = {
			isa = PBXResourcesBuildPhase;
			buildActionMask = 2147483647;
			files = (
			);
			runOnlyForDeploymentPostprocessing = 0;
		};
		EC9F37B41C0C024C003A4451 /* Resources */ = {
			isa = PBXResourcesBuildPhase;
			buildActionMask = 2147483647;
			files = (
			);
			runOnlyForDeploymentPostprocessing = 0;
		};
		ECD791551C0DB5B900E91677 /* Resources */ = {
			isa = PBXResourcesBuildPhase;
			buildActionMask = 2147483647;
			files = (
				ECD791601C0DB5B900E91677 /* MainInterface.storyboard in Resources */,
			);
			runOnlyForDeploymentPostprocessing = 0;
		};
/* End PBXResourcesBuildPhase section */

/* Begin PBXShellScriptBuildPhase section */
		127C35C8FA0DE212D65D1F28 /* Copy Pods Resources */ = {
			isa = PBXShellScriptBuildPhase;
			buildActionMask = 2147483647;
			files = (
			);
			inputPaths = (
			);
			name = "Copy Pods Resources";
			outputPaths = (
			);
			runOnlyForDeploymentPostprocessing = 0;
			shellPath = /bin/sh;
			shellScript = "\"${SRCROOT}/Pods/Target Support Files/Pods-Black-Fu/Pods-Black-Fu-resources.sh\"\n";
			showEnvVarsInLog = 0;
		};
		855BF3B9098156CDECE1C834 /* Check Pods Manifest.lock */ = {
			isa = PBXShellScriptBuildPhase;
			buildActionMask = 2147483647;
			files = (
			);
			inputPaths = (
			);
			name = "Check Pods Manifest.lock";
			outputPaths = (
			);
			runOnlyForDeploymentPostprocessing = 0;
			shellPath = /bin/sh;
			shellScript = "diff \"${PODS_ROOT}/../Podfile.lock\" \"${PODS_ROOT}/Manifest.lock\" > /dev/null\nif [[ $? != 0 ]] ; then\n    cat << EOM\nerror: The sandbox is not in sync with the Podfile.lock. Run 'pod install' or update your CocoaPods installation.\nEOM\n    exit 1\nfi\n";
			showEnvVarsInLog = 0;
		};
		ED3D0505D62023036BB4CA8B /* Embed Pods Frameworks */ = {
			isa = PBXShellScriptBuildPhase;
			buildActionMask = 2147483647;
			files = (
			);
			inputPaths = (
			);
			name = "Embed Pods Frameworks";
			outputPaths = (
			);
			runOnlyForDeploymentPostprocessing = 0;
			shellPath = /bin/sh;
			shellScript = "\"${SRCROOT}/Pods/Target Support Files/Pods-Black-Fu/Pods-Black-Fu-frameworks.sh\"\n";
			showEnvVarsInLog = 0;
		};
/* End PBXShellScriptBuildPhase section */

/* Begin PBXSourcesBuildPhase section */
		EC9F37901C0C024C003A4451 /* Sources */ = {
			isa = PBXSourcesBuildPhase;
			buildActionMask = 2147483647;
			files = (
				EC856F951C3F5A7B00CEE69C /* NewsWebViewController.swift in Sources */,
				EC9F37A01C0C024C003A4451 /* Black_Fu.xcdatamodeld in Sources */,
				EC0990E11C52940D00576906 /* singletonObject.swift in Sources */,
				EC46E4761C296CF600F80103 /* Brand.swift in Sources */,
				EC46E4791C296CF600F80103 /* Company+CoreDataProperties.swift in Sources */,
				ECC945641C329D4100EE166D /* NewListViewController.swift in Sources */,
				EC9F379A1C0C024C003A4451 /* ViewController.swift in Sources */,
				EC46E4731C296CF600F80103 /* Product+CoreDataProperties.swift in Sources */,
				EC46E4751C296CF600F80103 /* Brand+CoreDataProperties.swift in Sources */,
				EC9F37981C0C024C003A4451 /* AppDelegate.swift in Sources */,
				EC46E4661C2967FB00F80103 /* CoreDataManager.swift in Sources */,
				EC46E4781C296CF600F80103 /* BarCode.swift in Sources */,
				ECC65F8B1C0E874C003031CE /* ScanViewController.swift in Sources */,
				EC46E47E1C2974EC00F80103 /* ProductDetailViewController.swift in Sources */,
				EC46E4771C296CF600F80103 /* BarCode+CoreDataProperties.swift in Sources */,
				EC46E47A1C296CF600F80103 /* Company.swift in Sources */,
				EC46E4741C296CF600F80103 /* Product.swift in Sources */,
			);
			runOnlyForDeploymentPostprocessing = 0;
		};
		EC9F37A71C0C024C003A4451 /* Sources */ = {
			isa = PBXSourcesBuildPhase;
			buildActionMask = 2147483647;
			files = (
				EC9F37B01C0C024C003A4451 /* Black_FuTests.swift in Sources */,
			);
			runOnlyForDeploymentPostprocessing = 0;
		};
		EC9F37B21C0C024C003A4451 /* Sources */ = {
			isa = PBXSourcesBuildPhase;
			buildActionMask = 2147483647;
			files = (
				EC9F37BB1C0C024C003A4451 /* Black_FuUITests.swift in Sources */,
			);
			runOnlyForDeploymentPostprocessing = 0;
		};
		ECD791531C0DB5B900E91677 /* Sources */ = {
			isa = PBXSourcesBuildPhase;
			buildActionMask = 2147483647;
			files = (
				ECD7915D1C0DB5B900E91677 /* TodayViewController.swift in Sources */,
			);
			runOnlyForDeploymentPostprocessing = 0;
		};
/* End PBXSourcesBuildPhase section */

/* Begin PBXTargetDependency section */
		EC9F37AD1C0C024C003A4451 /* PBXTargetDependency */ = {
			isa = PBXTargetDependency;
			target = EC9F37931C0C024C003A4451 /* Black-Fu */;
			targetProxy = EC9F37AC1C0C024C003A4451 /* PBXContainerItemProxy */;
		};
		EC9F37B81C0C024C003A4451 /* PBXTargetDependency */ = {
			isa = PBXTargetDependency;
			target = EC9F37931C0C024C003A4451 /* Black-Fu */;
			targetProxy = EC9F37B71C0C024C003A4451 /* PBXContainerItemProxy */;
		};
		ECD791631C0DB5B900E91677 /* PBXTargetDependency */ = {
			isa = PBXTargetDependency;
			target = ECD791561C0DB5B900E91677 /* Fast-Search */;
			targetProxy = ECD791621C0DB5B900E91677 /* PBXContainerItemProxy */;
		};
/* End PBXTargetDependency section */

/* Begin PBXVariantGroup section */
		EC9F379B1C0C024C003A4451 /* Main.storyboard */ = {
			isa = PBXVariantGroup;
			children = (
				EC9F379C1C0C024C003A4451 /* Base */,
			);
			name = Main.storyboard;
			sourceTree = "<group>";
		};
		EC9F37A31C0C024C003A4451 /* LaunchScreen.storyboard */ = {
			isa = PBXVariantGroup;
			children = (
				EC9F37A41C0C024C003A4451 /* Base */,
			);
			name = LaunchScreen.storyboard;
			sourceTree = "<group>";
		};
		ECD7915E1C0DB5B900E91677 /* MainInterface.storyboard */ = {
			isa = PBXVariantGroup;
			children = (
				ECD7915F1C0DB5B900E91677 /* Base */,
			);
			name = MainInterface.storyboard;
			sourceTree = "<group>";
		};
/* End PBXVariantGroup section */

/* Begin XCBuildConfiguration section */
		EC9F37BD1C0C024C003A4451 /* Debug */ = {
			isa = XCBuildConfiguration;
			buildSettings = {
				ALWAYS_SEARCH_USER_PATHS = NO;
				CLANG_CXX_LANGUAGE_STANDARD = "gnu++0x";
				CLANG_CXX_LIBRARY = "libc++";
				CLANG_ENABLE_MODULES = YES;
				CLANG_ENABLE_OBJC_ARC = YES;
				CLANG_WARN_BOOL_CONVERSION = YES;
				CLANG_WARN_CONSTANT_CONVERSION = YES;
				CLANG_WARN_DIRECT_OBJC_ISA_USAGE = YES_ERROR;
				CLANG_WARN_EMPTY_BODY = YES;
				CLANG_WARN_ENUM_CONVERSION = YES;
				CLANG_WARN_INT_CONVERSION = YES;
				CLANG_WARN_OBJC_ROOT_CLASS = YES_ERROR;
				CLANG_WARN_UNREACHABLE_CODE = YES;
				CLANG_WARN__DUPLICATE_METHOD_MATCH = YES;
				"CODE_SIGN_IDENTITY[sdk=iphoneos*]" = "iPhone Developer";
				COPY_PHASE_STRIP = NO;
				DEBUG_INFORMATION_FORMAT = dwarf;
				ENABLE_STRICT_OBJC_MSGSEND = YES;
				ENABLE_TESTABILITY = YES;
				GCC_C_LANGUAGE_STANDARD = gnu99;
				GCC_DYNAMIC_NO_PIC = NO;
				GCC_NO_COMMON_BLOCKS = YES;
				GCC_OPTIMIZATION_LEVEL = 0;
				GCC_PREPROCESSOR_DEFINITIONS = (
					"DEBUG=1",
					"$(inherited)",
				);
				GCC_WARN_64_TO_32_BIT_CONVERSION = YES;
				GCC_WARN_ABOUT_RETURN_TYPE = YES_ERROR;
				GCC_WARN_UNDECLARED_SELECTOR = YES;
				GCC_WARN_UNINITIALIZED_AUTOS = YES_AGGRESSIVE;
				GCC_WARN_UNUSED_FUNCTION = YES;
				GCC_WARN_UNUSED_VARIABLE = YES;
				IPHONEOS_DEPLOYMENT_TARGET = 9.1;
				MTL_ENABLE_DEBUG_INFO = YES;
				ONLY_ACTIVE_ARCH = YES;
				SDKROOT = iphoneos;
				SWIFT_OPTIMIZATION_LEVEL = "-Onone";
			};
			name = Debug;
		};
		EC9F37BE1C0C024C003A4451 /* Release */ = {
			isa = XCBuildConfiguration;
			buildSettings = {
				ALWAYS_SEARCH_USER_PATHS = NO;
				CLANG_CXX_LANGUAGE_STANDARD = "gnu++0x";
				CLANG_CXX_LIBRARY = "libc++";
				CLANG_ENABLE_MODULES = YES;
				CLANG_ENABLE_OBJC_ARC = YES;
				CLANG_WARN_BOOL_CONVERSION = YES;
				CLANG_WARN_CONSTANT_CONVERSION = YES;
				CLANG_WARN_DIRECT_OBJC_ISA_USAGE = YES_ERROR;
				CLANG_WARN_EMPTY_BODY = YES;
				CLANG_WARN_ENUM_CONVERSION = YES;
				CLANG_WARN_INT_CONVERSION = YES;
				CLANG_WARN_OBJC_ROOT_CLASS = YES_ERROR;
				CLANG_WARN_UNREACHABLE_CODE = YES;
				CLANG_WARN__DUPLICATE_METHOD_MATCH = YES;
				"CODE_SIGN_IDENTITY[sdk=iphoneos*]" = "iPhone Developer";
				COPY_PHASE_STRIP = NO;
				DEBUG_INFORMATION_FORMAT = "dwarf-with-dsym";
				ENABLE_NS_ASSERTIONS = NO;
				ENABLE_STRICT_OBJC_MSGSEND = YES;
				GCC_C_LANGUAGE_STANDARD = gnu99;
				GCC_NO_COMMON_BLOCKS = YES;
				GCC_WARN_64_TO_32_BIT_CONVERSION = YES;
				GCC_WARN_ABOUT_RETURN_TYPE = YES_ERROR;
				GCC_WARN_UNDECLARED_SELECTOR = YES;
				GCC_WARN_UNINITIALIZED_AUTOS = YES_AGGRESSIVE;
				GCC_WARN_UNUSED_FUNCTION = YES;
				GCC_WARN_UNUSED_VARIABLE = YES;
				IPHONEOS_DEPLOYMENT_TARGET = 9.1;
				MTL_ENABLE_DEBUG_INFO = NO;
				SDKROOT = iphoneos;
				VALIDATE_PRODUCT = YES;
			};
			name = Release;
		};
		EC9F37C01C0C024C003A4451 /* Debug */ = {
			isa = XCBuildConfiguration;
			baseConfigurationReference = 2BD1CD98B096C79BB1C6057B /* Pods-Black-Fu.debug.xcconfig */;
			buildSettings = {
				ASSETCATALOG_COMPILER_APPICON_NAME = AppIcon;
				CODE_SIGN_IDENTITY = "iPhone Developer";
				EMBEDDED_CONTENT_CONTAINS_SWIFT = YES;
				INFOPLIST_FILE = "Black-Fu/Info.plist";
				LD_RUNPATH_SEARCH_PATHS = "$(inherited) @executable_path/Frameworks";
				PRODUCT_BUNDLE_IDENTIFIER = "com.enoch.Black-Fu";
				PRODUCT_NAME = "黑心富";
				USER_HEADER_SEARCH_PATHS = "${SRCROOT}/**";
			};
			name = Debug;
		};
		EC9F37C11C0C024C003A4451 /* Release */ = {
			isa = XCBuildConfiguration;
			baseConfigurationReference = A3E778DFC6189FD72DFC96EB /* Pods-Black-Fu.release.xcconfig */;
			buildSettings = {
				ASSETCATALOG_COMPILER_APPICON_NAME = AppIcon;
				CODE_SIGN_IDENTITY = "iPhone Developer";
				EMBEDDED_CONTENT_CONTAINS_SWIFT = YES;
				INFOPLIST_FILE = "Black-Fu/Info.plist";
				LD_RUNPATH_SEARCH_PATHS = "$(inherited) @executable_path/Frameworks";
				PRODUCT_BUNDLE_IDENTIFIER = "com.enoch.Black-Fu";
				PRODUCT_NAME = "黑心富";
				USER_HEADER_SEARCH_PATHS = "${SRCROOT}/**";
			};
			name = Release;
		};
		EC9F37C31C0C024C003A4451 /* Debug */ = {
			isa = XCBuildConfiguration;
			buildSettings = {
				BUNDLE_LOADER = "$(TEST_HOST)";
				INFOPLIST_FILE = "Black-FuTests/Info.plist";
				LD_RUNPATH_SEARCH_PATHS = "$(inherited) @executable_path/Frameworks @loader_path/Frameworks";
				PRODUCT_BUNDLE_IDENTIFIER = "com.enoch.Black-FuTests";
				PRODUCT_NAME = "$(TARGET_NAME)";
				TEST_HOST = "$(BUILT_PRODUCTS_DIR)/Black-Fu.app/Black-Fu";
			};
			name = Debug;
		};
		EC9F37C41C0C024C003A4451 /* Release */ = {
			isa = XCBuildConfiguration;
			buildSettings = {
				BUNDLE_LOADER = "$(TEST_HOST)";
				INFOPLIST_FILE = "Black-FuTests/Info.plist";
				LD_RUNPATH_SEARCH_PATHS = "$(inherited) @executable_path/Frameworks @loader_path/Frameworks";
				PRODUCT_BUNDLE_IDENTIFIER = "com.enoch.Black-FuTests";
				PRODUCT_NAME = "$(TARGET_NAME)";
				TEST_HOST = "$(BUILT_PRODUCTS_DIR)/Black-Fu.app/Black-Fu";
			};
			name = Release;
		};
		EC9F37C61C0C024C003A4451 /* Debug */ = {
			isa = XCBuildConfiguration;
			buildSettings = {
				INFOPLIST_FILE = "Black-FuUITests/Info.plist";
				LD_RUNPATH_SEARCH_PATHS = "$(inherited) @executable_path/Frameworks @loader_path/Frameworks";
				PRODUCT_BUNDLE_IDENTIFIER = "com.enoch.Black-FuUITests";
				PRODUCT_NAME = "$(TARGET_NAME)";
				TEST_TARGET_NAME = "Black-Fu";
				USES_XCTRUNNER = YES;
			};
			name = Debug;
		};
		EC9F37C71C0C024C003A4451 /* Release */ = {
			isa = XCBuildConfiguration;
			buildSettings = {
				INFOPLIST_FILE = "Black-FuUITests/Info.plist";
				LD_RUNPATH_SEARCH_PATHS = "$(inherited) @executable_path/Frameworks @loader_path/Frameworks";
				PRODUCT_BUNDLE_IDENTIFIER = "com.enoch.Black-FuUITests";
				PRODUCT_NAME = "$(TARGET_NAME)";
				TEST_TARGET_NAME = "Black-Fu";
				USES_XCTRUNNER = YES;
			};
			name = Release;
		};
		ECD791651C0DB5BA00E91677 /* Debug */ = {
			isa = XCBuildConfiguration;
			buildSettings = {
				CODE_SIGN_IDENTITY = "iPhone Developer";
				"CODE_SIGN_IDENTITY[sdk=iphoneos*]" = "iPhone Developer";
				INFOPLIST_FILE = "Fast-Search/Info.plist";
				LD_RUNPATH_SEARCH_PATHS = "$(inherited) @executable_path/Frameworks @executable_path/../../Frameworks";
				PRODUCT_BUNDLE_IDENTIFIER = "com.enoch.Black-Fu.Fast-Search";
				PRODUCT_NAME = "$(TARGET_NAME)";
				PROVISIONING_PROFILE = "";
				SKIP_INSTALL = YES;
			};
			name = Debug;
		};
		ECD791661C0DB5BA00E91677 /* Release */ = {
			isa = XCBuildConfiguration;
			buildSettings = {
				CODE_SIGN_IDENTITY = "iPhone Developer";
				"CODE_SIGN_IDENTITY[sdk=iphoneos*]" = "iPhone Developer";
				INFOPLIST_FILE = "Fast-Search/Info.plist";
				LD_RUNPATH_SEARCH_PATHS = "$(inherited) @executable_path/Frameworks @executable_path/../../Frameworks";
				PRODUCT_BUNDLE_IDENTIFIER = "com.enoch.Black-Fu.Fast-Search";
				PRODUCT_NAME = "$(TARGET_NAME)";
				PROVISIONING_PROFILE = "";
				SKIP_INSTALL = YES;
			};
			name = Release;
		};
/* End XCBuildConfiguration section */

/* Begin XCConfigurationList section */
		EC9F378F1C0C024C003A4451 /* Build configuration list for PBXProject "Black-Fu" */ = {
			isa = XCConfigurationList;
			buildConfigurations = (
				EC9F37BD1C0C024C003A4451 /* Debug */,
				EC9F37BE1C0C024C003A4451 /* Release */,
			);
			defaultConfigurationIsVisible = 0;
			defaultConfigurationName = Release;
		};
		EC9F37BF1C0C024C003A4451 /* Build configuration list for PBXNativeTarget "Black-Fu" */ = {
			isa = XCConfigurationList;
			buildConfigurations = (
				EC9F37C01C0C024C003A4451 /* Debug */,
				EC9F37C11C0C024C003A4451 /* Release */,
			);
			defaultConfigurationIsVisible = 0;
			defaultConfigurationName = Release;
		};
		EC9F37C21C0C024C003A4451 /* Build configuration list for PBXNativeTarget "Black-FuTests" */ = {
			isa = XCConfigurationList;
			buildConfigurations = (
				EC9F37C31C0C024C003A4451 /* Debug */,
				EC9F37C41C0C024C003A4451 /* Release */,
			);
			defaultConfigurationIsVisible = 0;
			defaultConfigurationName = Release;
		};
		EC9F37C51C0C024C003A4451 /* Build configuration list for PBXNativeTarget "Black-FuUITests" */ = {
			isa = XCConfigurationList;
			buildConfigurations = (
				EC9F37C61C0C024C003A4451 /* Debug */,
				EC9F37C71C0C024C003A4451 /* Release */,
			);
			defaultConfigurationIsVisible = 0;
			defaultConfigurationName = Release;
		};
		ECD791671C0DB5BA00E91677 /* Build configuration list for PBXNativeTarget "Fast-Search" */ = {
			isa = XCConfigurationList;
			buildConfigurations = (
				ECD791651C0DB5BA00E91677 /* Debug */,
				ECD791661C0DB5BA00E91677 /* Release */,
			);
			defaultConfigurationIsVisible = 0;
			defaultConfigurationName = Release;
		};
/* End XCConfigurationList section */

/* Begin XCVersionGroup section */
		EC9F379E1C0C024C003A4451 /* Black_Fu.xcdatamodeld */ = {
			isa = XCVersionGroup;
			children = (
				EC9F379F1C0C024C003A4451 /* Black_Fu.xcdatamodel */,
			);
			currentVersion = EC9F379F1C0C024C003A4451 /* Black_Fu.xcdatamodel */;
			name = Black_Fu.xcdatamodeld;
			path = "Black-Fu/Black_Fu.xcdatamodeld";
			sourceTree = "<group>";
			versionGroupType = wrapper.xcdatamodel;
		};
/* End XCVersionGroup section */
	};
	rootObject = EC9F378C1C0C024C003A4451 /* Project object */;
}
